
Microsoft Visual Studio Solution File, Format Version 12.00
# Visual Studio Version 16
VisualStudioVersion = 16.0.32106.194
MinimumVisualStudioVersion = 10.0.40219.1
Project("{FAE04EC0-301F-11D3-BF4B-00C04F79EFBC}") = "JenkinsDemoApplication", "JenkinsDemoApplication\JenkinsDemoApplication.csproj", "{B6FE9126-AA7D-4E82-8DBB-5663A56FA507}"
EndProject
Global
	GlobalSection(SolutionConfigurationPlatforms) = preSolution
		Debug|Any CPU = Debug|Any CPU
		Release|Any CPU = Release|Any CPU
	EndGlobalSection
	GlobalSection(ProjectConfigurationPlatforms) = postSolution
		{B6FE9126-AA7D-4E82-8DBB-5663A56FA507}.Debug|Any CPU.ActiveCfg = Debug|Any CPU
		{B6FE9126-AA7D-4E82-8DBB-5663A56FA507}.Debug|Any CPU.Build.0 = Debug|Any CPU
		{B6FE9126-AA7D-4E82-8DBB-5663A56FA507}.Release|Any CPU.ActiveCfg = Release|Any CPU
		{B6FE9126-AA7D-4E82-8DBB-5663A56FA507}.Release|Any CPU.Build.0 = Release|Any CPU
	EndGlobalSection
	GlobalSection(SolutionProperties) = preSolution
		HideSolutionNode = FALSE
	EndGlobalSection
	GlobalSection(ExtensibilityGlobals) = postSolution
		SolutionGuid = {3C800C6F-06D7-4AA4-8874-B3D3B1AE9C79}
	EndGlobalSection
EndGlobal
